// !$*UTF8*$!
{
	archiveVersion = 1;
	classes = {
	};
	objectVersion = 50;
	objects = {

/* Begin PBXBuildFile section */
		651137FE218783AF007B4BD9 /* EventService.swift in Sources */ = {isa = PBXBuildFile; fileRef = 651137FD218783AF007B4BD9 /* EventService.swift */; };
		65113801218783E3007B4BD9 /* Event.swift in Sources */ = {isa = PBXBuildFile; fileRef = 65113800218783E3007B4BD9 /* Event.swift */; };
		65113804218788E0007B4BD9 /* UIImage.swift in Sources */ = {isa = PBXBuildFile; fileRef = 65113803218788E0007B4BD9 /* UIImage.swift */; };
		6511380621878FE8007B4BD9 /* EventDetailViewController.swift in Sources */ = {isa = PBXBuildFile; fileRef = 6511380521878FE8007B4BD9 /* EventDetailViewController.swift */; };
		65113808218795DA007B4BD9 /* AppColors.swift in Sources */ = {isa = PBXBuildFile; fileRef = 65113807218795DA007B4BD9 /* AppColors.swift */; };
		6511380A2187965A007B4BD9 /* SearchService.swift in Sources */ = {isa = PBXBuildFile; fileRef = 651138092187965A007B4BD9 /* SearchService.swift */; };
		6511380C218799E7007B4BD9 /* GithubRepo.swift in Sources */ = {isa = PBXBuildFile; fileRef = 6511380B218799E7007B4BD9 /* GithubRepo.swift */; };
		6511380E21879C8F007B4BD9 /* SearchResultsTableViewController.swift in Sources */ = {isa = PBXBuildFile; fileRef = 6511380D21879C8F007B4BD9 /* SearchResultsTableViewController.swift */; };
		651138102187A804007B4BD9 /* ActivitySpinner.swift in Sources */ = {isa = PBXBuildFile; fileRef = 6511380F2187A804007B4BD9 /* ActivitySpinner.swift */; };
		651138152187AAFE007B4BD9 /* KeychainKeys.swift in Sources */ = {isa = PBXBuildFile; fileRef = 651138142187AAFE007B4BD9 /* KeychainKeys.swift */; };
		651138172187AB18007B4BD9 /* User.swift in Sources */ = {isa = PBXBuildFile; fileRef = 651138162187AB18007B4BD9 /* User.swift */; };
		6515ACA42182630600DF83B3 /* AppDelegate.swift in Sources */ = {isa = PBXBuildFile; fileRef = 6515ACA32182630600DF83B3 /* AppDelegate.swift */; };
		6515ACA92182630600DF83B3 /* Main.storyboard in Resources */ = {isa = PBXBuildFile; fileRef = 6515ACA72182630600DF83B3 /* Main.storyboard */; };
		6515ACAB2182630700DF83B3 /* Assets.xcassets in Resources */ = {isa = PBXBuildFile; fileRef = 6515ACAA2182630700DF83B3 /* Assets.xcassets */; };
		6515ACAE2182630700DF83B3 /* LaunchScreen.storyboard in Resources */ = {isa = PBXBuildFile; fileRef = 6515ACAC2182630700DF83B3 /* LaunchScreen.storyboard */; };
		6515ACB92182635D00DF83B3 /* MainTabBarController.swift in Sources */ = {isa = PBXBuildFile; fileRef = 6515ACB82182635D00DF83B3 /* MainTabBarController.swift */; };
		6515ACBB2182657400DF83B3 /* LoginViewController.swift in Sources */ = {isa = PBXBuildFile; fileRef = 6515ACBA2182657400DF83B3 /* LoginViewController.swift */; };
		653520EA218276AC009CF1A4 /* LoginService.swift in Sources */ = {isa = PBXBuildFile; fileRef = 653520E9218276AC009CF1A4 /* LoginService.swift */; };
		653520EC21827770009CF1A4 /* Result.swift in Sources */ = {isa = PBXBuildFile; fileRef = 653520EB21827770009CF1A4 /* Result.swift */; };
		653520F02182BBEE009CF1A4 /* RemoteDataRequestor.swift in Sources */ = {isa = PBXBuildFile; fileRef = 653520EF2182BBEE009CF1A4 /* RemoteDataRequestor.swift */; };
		653520F22182BC6B009CF1A4 /* RemoteRequestManager.swift in Sources */ = {isa = PBXBuildFile; fileRef = 653520F12182BC6B009CF1A4 /* RemoteRequestManager.swift */; };
		65480E122184001B00DD4B32 /* KeychainSwift.swift in Sources */ = {isa = PBXBuildFile; fileRef = 65480E112184001B00DD4B32 /* KeychainSwift.swift */; };
		65480E14218529FA00DD4B32 /* RootViewController.swift in Sources */ = {isa = PBXBuildFile; fileRef = 65480E13218529FA00DD4B32 /* RootViewController.swift */; };
		65480E172187550700DD4B32 /* MainNavigationController.swift in Sources */ = {isa = PBXBuildFile; fileRef = 65480E162187550700DD4B32 /* MainNavigationController.swift */; };
		65480E1A218755D000DD4B32 /* MenuViewController.swift in Sources */ = {isa = PBXBuildFile; fileRef = 65480E19218755D000DD4B32 /* MenuViewController.swift */; };
		65480E1C2187598E00DD4B32 /* ActivityFeedTableViewController.swift in Sources */ = {isa = PBXBuildFile; fileRef = 65480E1B2187598E00DD4B32 /* ActivityFeedTableViewController.swift */; };
		65480E1E218759AB00DD4B32 /* SearchViewController.swift in Sources */ = {isa = PBXBuildFile; fileRef = 65480E1D218759AB00DD4B32 /* SearchViewController.swift */; };
/* End PBXBuildFile section */

/* Begin PBXFileReference section */
		651137FD218783AF007B4BD9 /* EventService.swift */ = {isa = PBXFileReference; lastKnownFileType = sourcecode.swift; path = EventService.swift; sourceTree = "<group>"; };
		65113800218783E3007B4BD9 /* Event.swift */ = {isa = PBXFileReference; lastKnownFileType = sourcecode.swift; path = Event.swift; sourceTree = "<group>"; };
		65113803218788E0007B4BD9 /* UIImage.swift */ = {isa = PBXFileReference; lastKnownFileType = sourcecode.swift; path = UIImage.swift; sourceTree = "<group>"; };
		6511380521878FE8007B4BD9 /* EventDetailViewController.swift */ = {isa = PBXFileReference; lastKnownFileType = sourcecode.swift; path = EventDetailViewController.swift; sourceTree = "<group>"; };
		65113807218795DA007B4BD9 /* AppColors.swift */ = {isa = PBXFileReference; lastKnownFileType = sourcecode.swift; path = AppColors.swift; sourceTree = "<group>"; };
		651138092187965A007B4BD9 /* SearchService.swift */ = {isa = PBXFileReference; lastKnownFileType = sourcecode.swift; path = SearchService.swift; sourceTree = "<group>"; };
		6511380B218799E7007B4BD9 /* GithubRepo.swift */ = {isa = PBXFileReference; lastKnownFileType = sourcecode.swift; path = GithubRepo.swift; sourceTree = "<group>"; };
		6511380D21879C8F007B4BD9 /* SearchResultsTableViewController.swift */ = {isa = PBXFileReference; lastKnownFileType = sourcecode.swift; path = SearchResultsTableViewController.swift; sourceTree = "<group>"; };
		6511380F2187A804007B4BD9 /* ActivitySpinner.swift */ = {isa = PBXFileReference; lastKnownFileType = sourcecode.swift; path = ActivitySpinner.swift; sourceTree = "<group>"; };
		651138142187AAFE007B4BD9 /* KeychainKeys.swift */ = {isa = PBXFileReference; lastKnownFileType = sourcecode.swift; path = KeychainKeys.swift; sourceTree = "<group>"; };
		651138162187AB18007B4BD9 /* User.swift */ = {isa = PBXFileReference; lastKnownFileType = sourcecode.swift; path = User.swift; sourceTree = "<group>"; };
		6515ACA02182630600DF83B3 /* GithubExplorer_iOS.app */ = {isa = PBXFileReference; explicitFileType = wrapper.application; includeInIndex = 0; path = GithubExplorer_iOS.app; sourceTree = BUILT_PRODUCTS_DIR; };
		6515ACA32182630600DF83B3 /* AppDelegate.swift */ = {isa = PBXFileReference; lastKnownFileType = sourcecode.swift; path = AppDelegate.swift; sourceTree = "<group>"; };
		6515ACA82182630600DF83B3 /* Base */ = {isa = PBXFileReference; lastKnownFileType = file.storyboard; name = Base; path = Base.lproj/Main.storyboard; sourceTree = "<group>"; };
		6515ACAA2182630700DF83B3 /* Assets.xcassets */ = {isa = PBXFileReference; lastKnownFileType = folder.assetcatalog; path = Assets.xcassets; sourceTree = "<group>"; };
		6515ACAD2182630700DF83B3 /* Base */ = {isa = PBXFileReference; lastKnownFileType = file.storyboard; name = Base; path = Base.lproj/LaunchScreen.storyboard; sourceTree = "<group>"; };
		6515ACAF2182630700DF83B3 /* Info.plist */ = {isa = PBXFileReference; lastKnownFileType = text.plist.xml; path = Info.plist; sourceTree = "<group>"; };
		6515ACB82182635D00DF83B3 /* MainTabBarController.swift */ = {isa = PBXFileReference; lastKnownFileType = sourcecode.swift; path = MainTabBarController.swift; sourceTree = "<group>"; };
		6515ACBA2182657400DF83B3 /* LoginViewController.swift */ = {isa = PBXFileReference; lastKnownFileType = sourcecode.swift; path = LoginViewController.swift; sourceTree = "<group>"; };
		653520E9218276AC009CF1A4 /* LoginService.swift */ = {isa = PBXFileReference; lastKnownFileType = sourcecode.swift; path = LoginService.swift; sourceTree = "<group>"; };
		653520EB21827770009CF1A4 /* Result.swift */ = {isa = PBXFileReference; lastKnownFileType = sourcecode.swift; path = Result.swift; sourceTree = "<group>"; };
		653520EF2182BBEE009CF1A4 /* RemoteDataRequestor.swift */ = {isa = PBXFileReference; lastKnownFileType = sourcecode.swift; path = RemoteDataRequestor.swift; sourceTree = "<group>"; };
		653520F12182BC6B009CF1A4 /* RemoteRequestManager.swift */ = {isa = PBXFileReference; lastKnownFileType = sourcecode.swift; path = RemoteRequestManager.swift; sourceTree = "<group>"; };
		65480E112184001B00DD4B32 /* KeychainSwift.swift */ = {isa = PBXFileReference; lastKnownFileType = sourcecode.swift; path = KeychainSwift.swift; sourceTree = "<group>"; };
		65480E13218529FA00DD4B32 /* RootViewController.swift */ = {isa = PBXFileReference; lastKnownFileType = sourcecode.swift; path = RootViewController.swift; sourceTree = "<group>"; };
		65480E162187550700DD4B32 /* MainNavigationController.swift */ = {isa = PBXFileReference; lastKnownFileType = sourcecode.swift; path = MainNavigationController.swift; sourceTree = "<group>"; };
		65480E19218755D000DD4B32 /* MenuViewController.swift */ = {isa = PBXFileReference; lastKnownFileType = sourcecode.swift; path = MenuViewController.swift; sourceTree = "<group>"; };
		65480E1B2187598E00DD4B32 /* ActivityFeedTableViewController.swift */ = {isa = PBXFileReference; lastKnownFileType = sourcecode.swift; path = ActivityFeedTableViewController.swift; sourceTree = "<group>"; };
		65480E1D218759AB00DD4B32 /* SearchViewController.swift */ = {isa = PBXFileReference; lastKnownFileType = sourcecode.swift; path = SearchViewController.swift; sourceTree = "<group>"; };
/* End PBXFileReference section */

/* Begin PBXFrameworksBuildPhase section */
		6515AC9D2182630600DF83B3 /* Frameworks */ = {
			isa = PBXFrameworksBuildPhase;
			buildActionMask = 2147483647;
			files = (
			);
			runOnlyForDeploymentPostprocessing = 0;
		};
/* End PBXFrameworksBuildPhase section */

/* Begin PBXGroup section */
		65113802218788D2007B4BD9 /* extensions */ = {
			isa = PBXGroup;
			children = (
				65113803218788E0007B4BD9 /* UIImage.swift */,
			);
			path = extensions;
			sourceTree = "<group>";
		};
		651138112187AA1F007B4BD9 /* login */ = {
			isa = PBXGroup;
			children = (
				6515ACBA2182657400DF83B3 /* LoginViewController.swift */,
			);
			path = login;
			sourceTree = "<group>";
		};
		651138122187AA33007B4BD9 /* activityFeed */ = {
			isa = PBXGroup;
			children = (
				65480E1B2187598E00DD4B32 /* ActivityFeedTableViewController.swift */,
				6511380521878FE8007B4BD9 /* EventDetailViewController.swift */,
			);
			path = activityFeed;
			sourceTree = "<group>";
		};
		651138132187AA47007B4BD9 /* search */ = {
			isa = PBXGroup;
			children = (
				65480E1D218759AB00DD4B32 /* SearchViewController.swift */,
				6511380D21879C8F007B4BD9 /* SearchResultsTableViewController.swift */,
			);
			path = search;
			sourceTree = "<group>";
		};
		6515AC972182630600DF83B3 = {
			isa = PBXGroup;
			children = (
				6515ACA22182630600DF83B3 /* GithubExplorer_iOS */,
				6515ACA12182630600DF83B3 /* Products */,
			);
			sourceTree = "<group>";
		};
		6515ACA12182630600DF83B3 /* Products */ = {
			isa = PBXGroup;
			children = (
				6515ACA02182630600DF83B3 /* GithubExplorer_iOS.app */,
			);
			name = Products;
			sourceTree = "<group>";
		};
		6515ACA22182630600DF83B3 /* GithubExplorer_iOS */ = {
			isa = PBXGroup;
			children = (
				6515ACB52182631D00DF83B3 /* controller */,
				6515ACB72182633000DF83B3 /* model */,
				6515ACB62182632C00DF83B3 /* view */,
				653520E521827685009CF1A4 /* util */,
				65113802218788D2007B4BD9 /* extensions */,
				653520E8218276A0009CF1A4 /* service */,
				6515ACA32182630600DF83B3 /* AppDelegate.swift */,
				6515ACA72182630600DF83B3 /* Main.storyboard */,
				6515ACAA2182630700DF83B3 /* Assets.xcassets */,
				6515ACAC2182630700DF83B3 /* LaunchScreen.storyboard */,
				6515ACAF2182630700DF83B3 /* Info.plist */,
			);
			path = GithubExplorer_iOS;
			sourceTree = "<group>";
		};
		6515ACB52182631D00DF83B3 /* controller */ = {
			isa = PBXGroup;
			children = (
				65480E18218755C700DD4B32 /* menu */,
				65480E15218754EC00DD4B32 /* navigation */,
				651138112187AA1F007B4BD9 /* login */,
				651138122187AA33007B4BD9 /* activityFeed */,
				651138132187AA47007B4BD9 /* search */,
				6515ACB82182635D00DF83B3 /* MainTabBarController.swift */,
				65480E13218529FA00DD4B32 /* RootViewController.swift */,
			);
			path = controller;
			sourceTree = "<group>";
		};
		6515ACB62182632C00DF83B3 /* view */ = {
			isa = PBXGroup;
			children = (
			);
			path = view;
			sourceTree = "<group>";
		};
		6515ACB72182633000DF83B3 /* model */ = {
			isa = PBXGroup;
			children = (
				65113800218783E3007B4BD9 /* Event.swift */,
				6511380B218799E7007B4BD9 /* GithubRepo.swift */,
				651138162187AB18007B4BD9 /* User.swift */,
			);
			path = model;
			sourceTree = "<group>";
		};
		653520E521827685009CF1A4 /* util */ = {
			isa = PBXGroup;
			children = (
				653520EB21827770009CF1A4 /* Result.swift */,
				653520EF2182BBEE009CF1A4 /* RemoteDataRequestor.swift */,
				653520F12182BC6B009CF1A4 /* RemoteRequestManager.swift */,
				65480E112184001B00DD4B32 /* KeychainSwift.swift */,
				65113807218795DA007B4BD9 /* AppColors.swift */,
				6511380F2187A804007B4BD9 /* ActivitySpinner.swift */,
				651138142187AAFE007B4BD9 /* KeychainKeys.swift */,
			);
			path = util;
			sourceTree = "<group>";
		};
		653520E8218276A0009CF1A4 /* service */ = {
			isa = PBXGroup;
			children = (
				653520E9218276AC009CF1A4 /* LoginService.swift */,
				651137FD218783AF007B4BD9 /* EventService.swift */,
				651138092187965A007B4BD9 /* SearchService.swift */,
			);
			path = service;
			sourceTree = "<group>";
		};
		65480E15218754EC00DD4B32 /* navigation */ = {
			isa = PBXGroup;
			children = (
				65480E162187550700DD4B32 /* MainNavigationController.swift */,
			);
			path = navigation;
			sourceTree = "<group>";
		};
		65480E18218755C700DD4B32 /* menu */ = {
			isa = PBXGroup;
			children = (
				65480E19218755D000DD4B32 /* MenuViewController.swift */,
			);
			path = menu;
			sourceTree = "<group>";
		};
/* End PBXGroup section */

/* Begin PBXNativeTarget section */
		6515AC9F2182630600DF83B3 /* GithubExplorer_iOS */ = {
			isa = PBXNativeTarget;
			buildConfigurationList = 6515ACB22182630700DF83B3 /* Build configuration list for PBXNativeTarget "GithubExplorer_iOS" */;
			buildPhases = (
				6515AC9C2182630600DF83B3 /* Sources */,
				6515AC9D2182630600DF83B3 /* Frameworks */,
				6515AC9E2182630600DF83B3 /* Resources */,
			);
			buildRules = (
			);
			dependencies = (
			);
			name = GithubExplorer_iOS;
			productName = GithubExplorer_iOS;
			productReference = 6515ACA02182630600DF83B3 /* GithubExplorer_iOS.app */;
			productType = "com.apple.product-type.application";
		};
/* End PBXNativeTarget section */

/* Begin PBXProject section */
		6515AC982182630600DF83B3 /* Project object */ = {
			isa = PBXProject;
			attributes = {
				LastSwiftUpdateCheck = 1000;
				LastUpgradeCheck = 1000;
				ORGANIZATIONNAME = "Day, Jeff @ Dallas";
				TargetAttributes = {
					6515AC9F2182630600DF83B3 = {
						CreatedOnToolsVersion = 10.0;
					};
				};
			};
			buildConfigurationList = 6515AC9B2182630600DF83B3 /* Build configuration list for PBXProject "GithubExplorer_iOS" */;
			compatibilityVersion = "Xcode 9.3";
			developmentRegion = en;
			hasScannedForEncodings = 0;
			knownRegions = (
				en,
				Base,
			);
			mainGroup = 6515AC972182630600DF83B3;
			productRefGroup = 6515ACA12182630600DF83B3 /* Products */;
			projectDirPath = "";
			projectRoot = "";
			targets = (
				6515AC9F2182630600DF83B3 /* GithubExplorer_iOS */,
			);
		};
/* End PBXProject section */

/* Begin PBXResourcesBuildPhase section */
		6515AC9E2182630600DF83B3 /* Resources */ = {
			isa = PBXResourcesBuildPhase;
			buildActionMask = 2147483647;
			files = (
				6515ACAE2182630700DF83B3 /* LaunchScreen.storyboard in Resources */,
				6515ACAB2182630700DF83B3 /* Assets.xcassets in Resources */,
				6515ACA92182630600DF83B3 /* Main.storyboard in Resources */,
			);
			runOnlyForDeploymentPostprocessing = 0;
		};
/* End PBXResourcesBuildPhase section */

/* Begin PBXSourcesBuildPhase section */
		6515AC9C2182630600DF83B3 /* Sources */ = {
			isa = PBXSourcesBuildPhase;
			buildActionMask = 2147483647;
			files = (
				65480E14218529FA00DD4B32 /* RootViewController.swift in Sources */,
				6515ACBB2182657400DF83B3 /* LoginViewController.swift in Sources */,
				65480E1C2187598E00DD4B32 /* ActivityFeedTableViewController.swift in Sources */,
				651137FE218783AF007B4BD9 /* EventService.swift in Sources */,
				653520EC21827770009CF1A4 /* Result.swift in Sources */,
				65480E172187550700DD4B32 /* MainNavigationController.swift in Sources */,
				65113804218788E0007B4BD9 /* UIImage.swift in Sources */,
				651138152187AAFE007B4BD9 /* KeychainKeys.swift in Sources */,
				6515ACB92182635D00DF83B3 /* MainTabBarController.swift in Sources */,
				65113808218795DA007B4BD9 /* AppColors.swift in Sources */,
				651138102187A804007B4BD9 /* ActivitySpinner.swift in Sources */,
				6515ACA42182630600DF83B3 /* AppDelegate.swift in Sources */,
				65113801218783E3007B4BD9 /* Event.swift in Sources */,
				653520F02182BBEE009CF1A4 /* RemoteDataRequestor.swift in Sources */,
				6511380E21879C8F007B4BD9 /* SearchResultsTableViewController.swift in Sources */,
				65480E1E218759AB00DD4B32 /* SearchViewController.swift in Sources */,
				6511380621878FE8007B4BD9 /* EventDetailViewController.swift in Sources */,
				65480E1A218755D000DD4B32 /* MenuViewController.swift in Sources */,
				653520F22182BC6B009CF1A4 /* RemoteRequestManager.swift in Sources */,
				6511380A2187965A007B4BD9 /* SearchService.swift in Sources */,
				651138172187AB18007B4BD9 /* User.swift in Sources */,
				653520EA218276AC009CF1A4 /* LoginService.swift in Sources */,
				65480E122184001B00DD4B32 /* KeychainSwift.swift in Sources */,
				6511380C218799E7007B4BD9 /* GithubRepo.swift in Sources */,
			);
			runOnlyForDeploymentPostprocessing = 0;
		};
/* End PBXSourcesBuildPhase section */

/* Begin PBXVariantGroup section */
		6515ACA72182630600DF83B3 /* Main.storyboard */ = {
			isa = PBXVariantGroup;
			children = (
				6515ACA82182630600DF83B3 /* Base */,
			);
			name = Main.storyboard;
			sourceTree = "<group>";
		};
		6515ACAC2182630700DF83B3 /* LaunchScreen.storyboard */ = {
			isa = PBXVariantGroup;
			children = (
				6515ACAD2182630700DF83B3 /* Base */,
			);
			name = LaunchScreen.storyboard;
			sourceTree = "<group>";
		};
/* End PBXVariantGroup section */

/* Begin XCBuildConfiguration section */
		6515ACB02182630700DF83B3 /* Debug */ = {
			isa = XCBuildConfiguration;
			buildSettings = {
				ALWAYS_SEARCH_USER_PATHS = NO;
				CLANG_ANALYZER_NONNULL = YES;
				CLANG_ANALYZER_NUMBER_OBJECT_CONVERSION = YES_AGGRESSIVE;
				CLANG_CXX_LANGUAGE_STANDARD = "gnu++14";
				CLANG_CXX_LIBRARY = "libc++";
				CLANG_ENABLE_MODULES = YES;
				CLANG_ENABLE_OBJC_ARC = YES;
				CLANG_ENABLE_OBJC_WEAK = YES;
				CLANG_WARN_BLOCK_CAPTURE_AUTORELEASING = YES;
				CLANG_WARN_BOOL_CONVERSION = YES;
				CLANG_WARN_COMMA = YES;
				CLANG_WARN_CONSTANT_CONVERSION = YES;
				CLANG_WARN_DEPRECATED_OBJC_IMPLEMENTATIONS = YES;
				CLANG_WARN_DIRECT_OBJC_ISA_USAGE = YES_ERROR;
				CLANG_WARN_DOCUMENTATION_COMMENTS = YES;
				CLANG_WARN_EMPTY_BODY = YES;
				CLANG_WARN_ENUM_CONVERSION = YES;
				CLANG_WARN_INFINITE_RECURSION = YES;
				CLANG_WARN_INT_CONVERSION = YES;
				CLANG_WARN_NON_LITERAL_NULL_CONVERSION = YES;
				CLANG_WARN_OBJC_IMPLICIT_RETAIN_SELF = YES;
				CLANG_WARN_OBJC_LITERAL_CONVERSION = YES;
				CLANG_WARN_OBJC_ROOT_CLASS = YES_ERROR;
				CLANG_WARN_RANGE_LOOP_ANALYSIS = YES;
				CLANG_WARN_STRICT_PROTOTYPES = YES;
				CLANG_WARN_SUSPICIOUS_MOVE = YES;
				CLANG_WARN_UNGUARDED_AVAILABILITY = YES_AGGRESSIVE;
				CLANG_WARN_UNREACHABLE_CODE = YES;
				CLANG_WARN__DUPLICATE_METHOD_MATCH = YES;
				CODE_SIGN_IDENTITY = "iPhone Developer";
				COPY_PHASE_STRIP = NO;
				DEBUG_INFORMATION_FORMAT = dwarf;
				ENABLE_STRICT_OBJC_MSGSEND = YES;
				ENABLE_TESTABILITY = YES;
				GCC_C_LANGUAGE_STANDARD = gnu11;
				GCC_DYNAMIC_NO_PIC = NO;
				GCC_NO_COMMON_BLOCKS = YES;
				GCC_OPTIMIZATION_LEVEL = 0;
				GCC_PREPROCESSOR_DEFINITIONS = (
					"DEBUG=1",
					"$(inherited)",
				);
				GCC_WARN_64_TO_32_BIT_CONVERSION = YES;
				GCC_WARN_ABOUT_RETURN_TYPE = YES_ERROR;
				GCC_WARN_UNDECLARED_SELECTOR = YES;
				GCC_WARN_UNINITIALIZED_AUTOS = YES_AGGRESSIVE;
				GCC_WARN_UNUSED_FUNCTION = YES;
				GCC_WARN_UNUSED_VARIABLE = YES;
				IPHONEOS_DEPLOYMENT_TARGET = 12.0;
				MTL_ENABLE_DEBUG_INFO = INCLUDE_SOURCE;
				MTL_FAST_MATH = YES;
				ONLY_ACTIVE_ARCH = YES;
				SDKROOT = iphoneos;
				SWIFT_ACTIVE_COMPILATION_CONDITIONS = DEBUG;
				SWIFT_OPTIMIZATION_LEVEL = "-Onone";
			};
			name = Debug;
		};
		6515ACB12182630700DF83B3 /* Release */ = {
			isa = XCBuildConfiguration;
			buildSettings = {
				ALWAYS_SEARCH_USER_PATHS = NO;
				CLANG_ANALYZER_NONNULL = YES;
				CLANG_ANALYZER_NUMBER_OBJECT_CONVERSION = YES_AGGRESSIVE;
				CLANG_CXX_LANGUAGE_STANDARD = "gnu++14";
				CLANG_CXX_LIBRARY = "libc++";
				CLANG_ENABLE_MODULES = YES;
				CLANG_ENABLE_OBJC_ARC = YES;
				CLANG_ENABLE_OBJC_WEAK = YES;
				CLANG_WARN_BLOCK_CAPTURE_AUTORELEASING = YES;
				CLANG_WARN_BOOL_CONVERSION = YES;
				CLANG_WARN_COMMA = YES;
				CLANG_WARN_CONSTANT_CONVERSION = YES;
				CLANG_WARN_DEPRECATED_OBJC_IMPLEMENTATIONS = YES;
				CLANG_WARN_DIRECT_OBJC_ISA_USAGE = YES_ERROR;
				CLANG_WARN_DOCUMENTATION_COMMENTS = YES;
				CLANG_WARN_EMPTY_BODY = YES;
				CLANG_WARN_ENUM_CONVERSION = YES;
				CLANG_WARN_INFINITE_RECURSION = YES;
				CLANG_WARN_INT_CONVERSION = YES;
				CLANG_WARN_NON_LITERAL_NULL_CONVERSION = YES;
				CLANG_WARN_OBJC_IMPLICIT_RETAIN_SELF = YES;
				CLANG_WARN_OBJC_LITERAL_CONVERSION = YES;
				CLANG_WARN_OBJC_ROOT_CLASS = YES_ERROR;
				CLANG_WARN_RANGE_LOOP_ANALYSIS = YES;
				CLANG_WARN_STRICT_PROTOTYPES = YES;
				CLANG_WARN_SUSPICIOUS_MOVE = YES;
				CLANG_WARN_UNGUARDED_AVAILABILITY = YES_AGGRESSIVE;
				CLANG_WARN_UNREACHABLE_CODE = YES;
				CLANG_WARN__DUPLICATE_METHOD_MATCH = YES;
				CODE_SIGN_IDENTITY = "iPhone Developer";
				COPY_PHASE_STRIP = NO;
				DEBUG_INFORMATION_FORMAT = "dwarf-with-dsym";
				ENABLE_NS_ASSERTIONS = NO;
				ENABLE_STRICT_OBJC_MSGSEND = YES;
				GCC_C_LANGUAGE_STANDARD = gnu11;
				GCC_NO_COMMON_BLOCKS = YES;
				GCC_WARN_64_TO_32_BIT_CONVERSION = YES;
				GCC_WARN_ABOUT_RETURN_TYPE = YES_ERROR;
				GCC_WARN_UNDECLARED_SELECTOR = YES;
				GCC_WARN_UNINITIALIZED_AUTOS = YES_AGGRESSIVE;
				GCC_WARN_UNUSED_FUNCTION = YES;
				GCC_WARN_UNUSED_VARIABLE = YES;
				IPHONEOS_DEPLOYMENT_TARGET = 12.0;
				MTL_ENABLE_DEBUG_INFO = NO;
				MTL_FAST_MATH = YES;
				SDKROOT = iphoneos;
				SWIFT_COMPILATION_MODE = wholemodule;
				SWIFT_OPTIMIZATION_LEVEL = "-O";
				VALIDATE_PRODUCT = YES;
			};
			name = Release;
		};
		6515ACB32182630700DF83B3 /* Debug */ = {
			isa = XCBuildConfiguration;
			buildSettings = {
				ASSETCATALOG_COMPILER_APPICON_NAME = AppIcon;
				CODE_SIGN_STYLE = Automatic;
				DEVELOPMENT_TEAM = 958PNS53L3;
				INFOPLIST_FILE = GithubExplorer_iOS/Info.plist;
				LD_RUNPATH_SEARCH_PATHS = (
					"$(inherited)",
					"@executable_path/Frameworks",
				);
				PRODUCT_BUNDLE_IDENTIFIER = "com.cbre.GithubExplorer-iOS";
				PRODUCT_NAME = "$(TARGET_NAME)";
				SWIFT_VERSION = 4.2;
				TARGETED_DEVICE_FAMILY = "1,2";
			};
			name = Debug;
		};
		6515ACB42182630700DF83B3 /* Release */ = {
			isa = XCBuildConfiguration;
			buildSettings = {
				ASSETCATALOG_COMPILER_APPICON_NAME = AppIcon;
				CODE_SIGN_STYLE = Automatic;
				DEVELOPMENT_TEAM = 958PNS53L3;
				INFOPLIST_FILE = GithubExplorer_iOS/Info.plist;
				LD_RUNPATH_SEARCH_PATHS = (
					"$(inherited)",
					"@executable_path/Frameworks",
				);
				PRODUCT_BUNDLE_IDENTIFIER = "com.cbre.GithubExplorer-iOS";
				PRODUCT_NAME = "$(TARGET_NAME)";
				SWIFT_VERSION = 4.2;
				TARGETED_DEVICE_FAMILY = "1,2";
			};
			name = Release;
		};
/* End XCBuildConfiguration section */

/* Begin XCConfigurationList section */
		6515AC9B2182630600DF83B3 /* Build configuration list for PBXProject "GithubExplorer_iOS" */ = {
			isa = XCConfigurationList;
			buildConfigurations = (
				6515ACB02182630700DF83B3 /* Debug */,
				6515ACB12182630700DF83B3 /* Release */,
			);
			defaultConfigurationIsVisible = 0;
			defaultConfigurationName = Release;
		};
		6515ACB22182630700DF83B3 /* Build configuration list for PBXNativeTarget "GithubExplorer_iOS" */ = {
			isa = XCConfigurationList;
			buildConfigurations = (
				6515ACB32182630700DF83B3 /* Debug */,
				6515ACB42182630700DF83B3 /* Release */,
			);
			defaultConfigurationIsVisible = 0;
			defaultConfigurationName = Release;
		};
/* End XCConfigurationList section */
	};
	rootObject = 6515AC982182630600DF83B3 /* Project object */;
}
